
Microsoft Visual Studio Solution File, Format Version 12.00
# Visual Studio Version 17
VisualStudioVersion = 17.11.35327.3
MinimumVisualStudioVersion = 10.0.40219.1
Project("{FAE04EC0-301F-11D3-BF4B-00C04F79EFBC}") = "Animal", "Animal\Animal.csproj", "{69DA40EF-A400-46C8-BCE8-56D20D63C776}"
EndProject
Global
	GlobalSection(SolutionConfigurationPlatforms) = preSolution
		Debug|Any CPU = Debug|Any CPU
		Release|Any CPU = Release|Any CPU
	EndGlobalSection
	GlobalSection(ProjectConfigurationPlatforms) = postSolution
		{69DA40EF-A400-46C8-BCE8-56D20D63C776}.Debug|Any CPU.ActiveCfg = Debug|Any CPU
		{69DA40EF-A400-46C8-BCE8-56D20D63C776}.Debug|Any CPU.Build.0 = Debug|Any CPU
		{69DA40EF-A400-46C8-BCE8-56D20D63C776}.Release|Any CPU.ActiveCfg = Release|Any CPU
		{69DA40EF-A400-46C8-BCE8-56D20D63C776}.Release|Any CPU.Build.0 = Release|Any CPU
	EndGlobalSection
	GlobalSection(SolutionProperties) = preSolution
		HideSolutionNode = FALSE
	EndGlobalSection
	GlobalSection(ExtensibilityGlobals) = postSolution
		SolutionGuid = {CB9913EC-05E4-43EF-A4D8-3974EA64C9BB}
	EndGlobalSection
EndGlobal
